{
    "name": "examples",
    "lockfileVersion": 2,
    "requires": true,
    "packages": {
        "": {
            "dependencies": {
                "uwasi": "../"
            }
        },
        "..": {
            "version": "1.0.0",
            "license": "MIT",
            "devDependencies": {
                "typescript": "^4.6.4"
            }
        },
        "node_modules/uwasi": {
            "resolved": "..",
            "link": true
        }
    },
    "dependencies": {
        "uwasi": {
            "version": "file:..",
            "requires": {
                "typescript": "^4.6.4"
            }
        }
    }
}
